
Microsoft Visual Studio Solution File, Format Version 12.00
# Visual Studio Version 16
VisualStudioVersion = 16.0.28922.388
MinimumVisualStudioVersion = 10.0.40219.1
Project("{FAE04EC0-301F-11D3-BF4B-00C04F79EFBC}") = "LF_Async", "LF_Async\LF_Async.csproj", "{2A51C14B-B3A6-45DF-AD87-8422401FAA6D}"
EndProject
Project("{FAE04EC0-301F-11D3-BF4B-00C04F79EFBC}") = "LF_Roslyn", "LF_Roslyn\LF_Roslyn.csproj", "{0A7C25DE-C70E-4ADE-9FAE-32F78AFE0C5E}"
EndProject
Project("{FAE04EC0-301F-11D3-BF4B-00C04F79EFBC}") = "LF_Reflection", "LF_Reflection\LF_Reflection.csproj", "{2EBFD4F6-69DE-4F70-AC61-A8706BE1044D}"
EndProject
Project("{FAE04EC0-301F-11D3-BF4B-00C04F79EFBC}") = "LF_Spring", "LF_Spring\LF_Spring.csproj", "{E2B20A88-A7D1-48F8-8EB8-D703A5137AD2}"
EndProject
Global
	GlobalSection(SolutionConfigurationPlatforms) = preSolution
		Debug|Any CPU = Debug|Any CPU
		Release|Any CPU = Release|Any CPU
	EndGlobalSection
	GlobalSection(ProjectConfigurationPlatforms) = postSolution
		{2A51C14B-B3A6-45DF-AD87-8422401FAA6D}.Debug|Any CPU.ActiveCfg = Debug|Any CPU
		{2A51C14B-B3A6-45DF-AD87-8422401FAA6D}.Debug|Any CPU.Build.0 = Debug|Any CPU
		{2A51C14B-B3A6-45DF-AD87-8422401FAA6D}.Release|Any CPU.ActiveCfg = Release|Any CPU
		{2A51C14B-B3A6-45DF-AD87-8422401FAA6D}.Release|Any CPU.Build.0 = Release|Any CPU
		{0A7C25DE-C70E-4ADE-9FAE-32F78AFE0C5E}.Debug|Any CPU.ActiveCfg = Debug|Any CPU
		{0A7C25DE-C70E-4ADE-9FAE-32F78AFE0C5E}.Debug|Any CPU.Build.0 = Debug|Any CPU
		{0A7C25DE-C70E-4ADE-9FAE-32F78AFE0C5E}.Release|Any CPU.ActiveCfg = Release|Any CPU
		{0A7C25DE-C70E-4ADE-9FAE-32F78AFE0C5E}.Release|Any CPU.Build.0 = Release|Any CPU
		{2EBFD4F6-69DE-4F70-AC61-A8706BE1044D}.Debug|Any CPU.ActiveCfg = Debug|Any CPU
		{2EBFD4F6-69DE-4F70-AC61-A8706BE1044D}.Debug|Any CPU.Build.0 = Debug|Any CPU
		{2EBFD4F6-69DE-4F70-AC61-A8706BE1044D}.Release|Any CPU.ActiveCfg = Release|Any CPU
		{2EBFD4F6-69DE-4F70-AC61-A8706BE1044D}.Release|Any CPU.Build.0 = Release|Any CPU
		{E2B20A88-A7D1-48F8-8EB8-D703A5137AD2}.Debug|Any CPU.ActiveCfg = Debug|Any CPU
		{E2B20A88-A7D1-48F8-8EB8-D703A5137AD2}.Debug|Any CPU.Build.0 = Debug|Any CPU
		{E2B20A88-A7D1-48F8-8EB8-D703A5137AD2}.Release|Any CPU.ActiveCfg = Release|Any CPU
		{E2B20A88-A7D1-48F8-8EB8-D703A5137AD2}.Release|Any CPU.Build.0 = Release|Any CPU
	EndGlobalSection
	GlobalSection(SolutionProperties) = preSolution
		HideSolutionNode = FALSE
	EndGlobalSection
	GlobalSection(ExtensibilityGlobals) = postSolution
		SolutionGuid = {B025590C-8DBE-4221-BCF5-CACEA93F3CFC}
	EndGlobalSection
EndGlobal
